
Microsoft Visual Studio Solution File, Format Version 12.00
# Visual Studio 14
VisualStudioVersion = 14.0.25420.1
MinimumVisualStudioVersion = 10.0.40219.1
Project("{2150E333-8FDC-42A3-9474-1A3956D46DE8}") = "src", "src", "{5FB044C3-EAD0-4207-A654-B623E0A141EE}"
EndProject
Project("{2150E333-8FDC-42A3-9474-1A3956D46DE8}") = "Solution Items", "Solution Items", "{70A1D0EB-F3ED-4AE2-926D-DB4B7155E32E}"
	ProjectSection(SolutionItems) = preProject
		global.json = global.json
	EndProjectSection
EndProject
Project("{8BB2217D-0F2D-49D1-97BC-3654ED321F3B}") = "Atlassian.Jira.Core", "src\Atlassian.Jira.Core\Atlassian.Jira.Core.xproj", "{B7A7B186-20F4-4147-816E-5FC694EFD4F6}"
EndProject
Global
	GlobalSection(SolutionConfigurationPlatforms) = preSolution
		Debug|Any CPU = Debug|Any CPU
		Release|Any CPU = Release|Any CPU
	EndGlobalSection
	GlobalSection(ProjectConfigurationPlatforms) = postSolution
		{B7A7B186-20F4-4147-816E-5FC694EFD4F6}.Debug|Any CPU.ActiveCfg = Debug|Any CPU
		{B7A7B186-20F4-4147-816E-5FC694EFD4F6}.Debug|Any CPU.Build.0 = Debug|Any CPU
		{B7A7B186-20F4-4147-816E-5FC694EFD4F6}.Release|Any CPU.ActiveCfg = Release|Any CPU
		{B7A7B186-20F4-4147-816E-5FC694EFD4F6}.Release|Any CPU.Build.0 = Release|Any CPU
	EndGlobalSection
	GlobalSection(SolutionProperties) = preSolution
		HideSolutionNode = FALSE
	EndGlobalSection
	GlobalSection(NestedProjects) = preSolution
		{B7A7B186-20F4-4147-816E-5FC694EFD4F6} = {5FB044C3-EAD0-4207-A654-B623E0A141EE}
	EndGlobalSection
EndGlobal
