
Microsoft Visual Studio Solution File, Format Version 12.00
# Visual Studio 2013
VisualStudioVersion = 12.0.30723.0
MinimumVisualStudioVersion = 10.0.40219.1
Project("{FAE04EC0-301F-11D3-BF4B-00C04F79EFBC}") = "CECodeHelper", "CECodeHelper\CECodeHelper.csproj", "{CCBF649D-232A-4207-8C88-98EE65512D7F}"
EndProject
Project("{FAE04EC0-301F-11D3-BF4B-00C04F79EFBC}") = "CECode.Business", "CECode.Business\CECode.Business.csproj", "{1708A12A-4C35-4875-8E15-4214513D9A44}"
EndProject
Project("{FAE04EC0-301F-11D3-BF4B-00C04F79EFBC}") = "CECode.Jira", "CECode.Jira\CECode.Jira.csproj", "{CEE65C50-3A50-4F8A-8EB4-B5F1C2270174}"
EndProject
Global
	GlobalSection(SolutionConfigurationPlatforms) = preSolution
		Debug|Any CPU = Debug|Any CPU
		Release|Any CPU = Release|Any CPU
	EndGlobalSection
	GlobalSection(ProjectConfigurationPlatforms) = postSolution
		{CCBF649D-232A-4207-8C88-98EE65512D7F}.Debug|Any CPU.ActiveCfg = Debug|Any CPU
		{CCBF649D-232A-4207-8C88-98EE65512D7F}.Debug|Any CPU.Build.0 = Debug|Any CPU
		{CCBF649D-232A-4207-8C88-98EE65512D7F}.Release|Any CPU.ActiveCfg = Release|Any CPU
		{CCBF649D-232A-4207-8C88-98EE65512D7F}.Release|Any CPU.Build.0 = Release|Any CPU
		{1708A12A-4C35-4875-8E15-4214513D9A44}.Debug|Any CPU.ActiveCfg = Debug|Any CPU
		{1708A12A-4C35-4875-8E15-4214513D9A44}.Debug|Any CPU.Build.0 = Debug|Any CPU
		{1708A12A-4C35-4875-8E15-4214513D9A44}.Release|Any CPU.ActiveCfg = Release|Any CPU
		{1708A12A-4C35-4875-8E15-4214513D9A44}.Release|Any CPU.Build.0 = Release|Any CPU
		{CEE65C50-3A50-4F8A-8EB4-B5F1C2270174}.Debug|Any CPU.ActiveCfg = Debug|Any CPU
		{CEE65C50-3A50-4F8A-8EB4-B5F1C2270174}.Debug|Any CPU.Build.0 = Debug|Any CPU
		{CEE65C50-3A50-4F8A-8EB4-B5F1C2270174}.Release|Any CPU.ActiveCfg = Release|Any CPU
		{CEE65C50-3A50-4F8A-8EB4-B5F1C2270174}.Release|Any CPU.Build.0 = Release|Any CPU
	EndGlobalSection
	GlobalSection(SolutionProperties) = preSolution
		HideSolutionNode = FALSE
	EndGlobalSection
EndGlobal
