
Microsoft Visual Studio Solution File, Format Version 12.00
# Visual Studio 2013
VisualStudioVersion = 12.0.30723.0
MinimumVisualStudioVersion = 10.0.40219.1
Project("{FAE04EC0-301F-11D3-BF4B-00C04F79EFBC}") = "CECodeHelper", "CECodeHelper\CECodeHelper.csproj", "{CCBF649D-232A-4207-8C88-98EE65512D7F}"
EndProject
Project("{FAE04EC0-301F-11D3-BF4B-00C04F79EFBC}") = "CECode.Business", "CECode.Business\CECode.Business.csproj", "{1708A12A-4C35-4875-8E15-4214513D9A44}"
EndProject
Project("{FAE04EC0-301F-11D3-BF4B-00C04F79EFBC}") = "CECode.Jira", "CECode.Jira\CECode.Jira.csproj", "{CEE65C50-3A50-4F8A-8EB4-B5F1C2270174}"
EndProject
Project("{FAE04EC0-301F-11D3-BF4B-00C04F79EFBC}") = "CECode.GitHub", "CECode.GitHub\CECode.GitHub.csproj", "{38ACE417-197E-4C4B-94AE-9D6D984E81C2}"
EndProject
Project("{FAE04EC0-301F-11D3-BF4B-00C04F79EFBC}") = "CECode.Authentication", "CECode.Authentication\CECode.Authentication.csproj", "{AC4E4B9F-7B15-49E2-A370-3A076A47712B}"
EndProject
Project("{FAE04EC0-301F-11D3-BF4B-00C04F79EFBC}") = "CECode.TeamCity", "CECode.TeamCity\CECode.TeamCity.csproj", "{4BA81A75-6F5A-434F-B3B0-76A4C5D8EC77}"
EndProject
Project("{FAE04EC0-301F-11D3-BF4B-00C04F79EFBC}") = "CECode.BranchHelper", "CECode.BranchVersionHelper\CECode.BranchHelper.csproj", "{A88CF59A-821A-47E6-8035-C0A0530A79D2}"
EndProject
Project("{FAE04EC0-301F-11D3-BF4B-00C04F79EFBC}") = "CECode.Branches", "CECode.Branches\CECode.Branches.csproj", "{730EFDCB-9652-4032-8C05-D323EE1E8B9D}"
EndProject
Global
	GlobalSection(SolutionConfigurationPlatforms) = preSolution
		Debug|Any CPU = Debug|Any CPU
		Release|Any CPU = Release|Any CPU
	EndGlobalSection
	GlobalSection(ProjectConfigurationPlatforms) = postSolution
		{CCBF649D-232A-4207-8C88-98EE65512D7F}.Debug|Any CPU.ActiveCfg = Debug|Any CPU
		{CCBF649D-232A-4207-8C88-98EE65512D7F}.Debug|Any CPU.Build.0 = Debug|Any CPU
		{CCBF649D-232A-4207-8C88-98EE65512D7F}.Release|Any CPU.ActiveCfg = Release|Any CPU
		{CCBF649D-232A-4207-8C88-98EE65512D7F}.Release|Any CPU.Build.0 = Release|Any CPU
		{1708A12A-4C35-4875-8E15-4214513D9A44}.Debug|Any CPU.ActiveCfg = Debug|Any CPU
		{1708A12A-4C35-4875-8E15-4214513D9A44}.Debug|Any CPU.Build.0 = Debug|Any CPU
		{1708A12A-4C35-4875-8E15-4214513D9A44}.Release|Any CPU.ActiveCfg = Release|Any CPU
		{1708A12A-4C35-4875-8E15-4214513D9A44}.Release|Any CPU.Build.0 = Release|Any CPU
		{CEE65C50-3A50-4F8A-8EB4-B5F1C2270174}.Debug|Any CPU.ActiveCfg = Debug|Any CPU
		{CEE65C50-3A50-4F8A-8EB4-B5F1C2270174}.Debug|Any CPU.Build.0 = Debug|Any CPU
		{CEE65C50-3A50-4F8A-8EB4-B5F1C2270174}.Release|Any CPU.ActiveCfg = Release|Any CPU
		{CEE65C50-3A50-4F8A-8EB4-B5F1C2270174}.Release|Any CPU.Build.0 = Release|Any CPU
		{38ACE417-197E-4C4B-94AE-9D6D984E81C2}.Debug|Any CPU.ActiveCfg = Debug|Any CPU
		{38ACE417-197E-4C4B-94AE-9D6D984E81C2}.Debug|Any CPU.Build.0 = Debug|Any CPU
		{38ACE417-197E-4C4B-94AE-9D6D984E81C2}.Release|Any CPU.ActiveCfg = Release|Any CPU
		{38ACE417-197E-4C4B-94AE-9D6D984E81C2}.Release|Any CPU.Build.0 = Release|Any CPU
		{AC4E4B9F-7B15-49E2-A370-3A076A47712B}.Debug|Any CPU.ActiveCfg = Debug|Any CPU
		{AC4E4B9F-7B15-49E2-A370-3A076A47712B}.Debug|Any CPU.Build.0 = Debug|Any CPU
		{AC4E4B9F-7B15-49E2-A370-3A076A47712B}.Release|Any CPU.ActiveCfg = Release|Any CPU
		{AC4E4B9F-7B15-49E2-A370-3A076A47712B}.Release|Any CPU.Build.0 = Release|Any CPU
		{4BA81A75-6F5A-434F-B3B0-76A4C5D8EC77}.Debug|Any CPU.ActiveCfg = Debug|Any CPU
		{4BA81A75-6F5A-434F-B3B0-76A4C5D8EC77}.Debug|Any CPU.Build.0 = Debug|Any CPU
		{4BA81A75-6F5A-434F-B3B0-76A4C5D8EC77}.Release|Any CPU.ActiveCfg = Release|Any CPU
		{4BA81A75-6F5A-434F-B3B0-76A4C5D8EC77}.Release|Any CPU.Build.0 = Release|Any CPU
		{A88CF59A-821A-47E6-8035-C0A0530A79D2}.Debug|Any CPU.ActiveCfg = Debug|Any CPU
		{A88CF59A-821A-47E6-8035-C0A0530A79D2}.Debug|Any CPU.Build.0 = Debug|Any CPU
		{A88CF59A-821A-47E6-8035-C0A0530A79D2}.Release|Any CPU.ActiveCfg = Release|Any CPU
		{A88CF59A-821A-47E6-8035-C0A0530A79D2}.Release|Any CPU.Build.0 = Release|Any CPU
		{730EFDCB-9652-4032-8C05-D323EE1E8B9D}.Debug|Any CPU.ActiveCfg = Debug|Any CPU
		{730EFDCB-9652-4032-8C05-D323EE1E8B9D}.Debug|Any CPU.Build.0 = Debug|Any CPU
		{730EFDCB-9652-4032-8C05-D323EE1E8B9D}.Release|Any CPU.ActiveCfg = Release|Any CPU
		{730EFDCB-9652-4032-8C05-D323EE1E8B9D}.Release|Any CPU.Build.0 = Release|Any CPU
	EndGlobalSection
	GlobalSection(SolutionProperties) = preSolution
		HideSolutionNode = FALSE
	EndGlobalSection
EndGlobal
